github.com/daqnext/fastjson v1.0.0 h1:uiJsz666J0rf2WTVOkPXUaYqXclSkGNCtcxxn/E/Dqs=
github.com/daqnext/fastjson v1.0.0/go.mod h1:/l0vJWbS20xVMFJbyMUW6/x5FRpz79gGPm6oolCVFCI=
github.com/daqnext/go-smart-routine v0.1.2 h1:VXpbdyHVL9zYjX+qYX7Mbc8KlOmgX0FvkUbkgGbOp8k=
github.com/daqnext/go-smart-routine v0.1.2/go.mod h1:pSXzjZuiMUh/I7dmQ68qYyZ7tQXyFg2qNOqtHFxX8C0=
github.com/daqnext/jsonparser v1.1.2 h1:wvFbVlDrc/CHST0pBUkMBi+g/jdHAlDWTGS1OnQOQu8=
github.com/daqnext/jsonparser v1.1.2/go.mod h1:B0HLHwPJV3n69nZ2Ei8Np/BVHEotzvvEWpCc/FQ7p80=
github.com/emirpasic/gods v1.12.0 h1:QAUIPSaCu4G+POclxeqb3F+WPpdKqFGlw36+yOzGlrg=
github.com/emirpasic/gods v1.12.0/go.mod h1:YfzfFFoVP/catgzJb4IKIqXjX78Ha8FMSDh3ymbK86o=
